
Microsoft Visual Studio Solution File, Format Version 12.00
# Visual Studio Version 17
VisualStudioVersion = 17.6.33723.286
MinimumVisualStudioVersion = 10.0.40219.1
Project("{FAE04EC0-301F-11D3-BF4B-00C04F79EFBC}") = "SCMVC", "SCMVC\SCMVC.csproj", "{CA419DD5-A1DB-442C-895A-0B331F7CDC1B}"
EndProject
Global
	GlobalSection(SolutionConfigurationPlatforms) = preSolution
		Debug|Any CPU = Debug|Any CPU
		Release|Any CPU = Release|Any CPU
	EndGlobalSection
	GlobalSection(ProjectConfigurationPlatforms) = postSolution
		{CA419DD5-A1DB-442C-895A-0B331F7CDC1B}.Debug|Any CPU.ActiveCfg = Debug|Any CPU
		{CA419DD5-A1DB-442C-895A-0B331F7CDC1B}.Debug|Any CPU.Build.0 = Debug|Any CPU
		{CA419DD5-A1DB-442C-895A-0B331F7CDC1B}.Release|Any CPU.ActiveCfg = Release|Any CPU
		{CA419DD5-A1DB-442C-895A-0B331F7CDC1B}.Release|Any CPU.Build.0 = Release|Any CPU
	EndGlobalSection
	GlobalSection(SolutionProperties) = preSolution
		HideSolutionNode = FALSE
	EndGlobalSection
	GlobalSection(ExtensibilityGlobals) = postSolution
		SolutionGuid = {354DC349-B6F3-4C5C-9A6B-2E74D2478039}
	EndGlobalSection
EndGlobal
